PODS:
  - AFNetworking (4.0.1):
    - AFNetworking/NSURLSession (= 4.0.1)
    - AFNetworking/Reachability (= 4.0.1)
    - AFNetworking/Security (= 4.0.1)
    - AFNetworking/Serialization (= 4.0.1)
    - AFNetworking/UIKit (= 4.0.1)
  - AFNetworking/NSURLSession (4.0.1):
    - AFNetworking/Reachability
    - AFNetworking/Security
    - AFNetworking/Serialization
  - AFNetworking/Reachability (4.0.1)
  - AFNetworking/Security (4.0.1)
  - AFNetworking/Serialization (4.0.1)
  - AFNetworking/UIKit (4.0.1):
    - AFNetworking/NSURLSession
  - SwiftWebSocket (2.7.0)
  - SwiftyJSON (4.3.0)
  - SwiftyRSA (1.6.0):
    - SwiftyRSA/ObjC (= 1.6.0)
  - SwiftyRSA/ObjC (1.6.0)

DEPENDENCIES:
  - AFNetworking
  - SwiftWebSocket
  - SwiftyJSON (from `https://github.com/SwiftyJSON/SwiftyJSON.git`, commit `2b6054efa051565954e1d2b9da831680026cd768`)
  - SwiftyRSA

SPEC REPOS:
  trunk:
    - AFNetworking
    - SwiftWebSocket
    - SwiftyRSA

EXTERNAL SOURCES:
  SwiftyJSON:
    :commit: 2b6054efa051565954e1d2b9da831680026cd768
    :git: https://github.com/SwiftyJSON/SwiftyJSON.git

CHECKOUT OPTIONS:
  SwiftyJSON:
    :commit: 2b6054efa051565954e1d2b9da831680026cd768
    :git: https://github.com/SwiftyJSON/SwiftyJSON.git

SPEC CHECKSUMS:
  AFNetworking: 7864c38297c79aaca1500c33288e429c3451fdce
  SwiftWebSocket: 612c9729fd503cb6b0b8b45390c788686dac306f
  SwiftyJSON: 4e107719275086d9d9111e1a7ca6c484b6664574
  SwiftyRSA: 3b9c9179744217951facc6a3e9ae8d8c97061ffa

PODFILE CHECKSUM: 7d52e3ff0c41089bcbd368e748c42083b2f2f9ac

COCOAPODS: 1.10.1
