// !$*UTF8*$!
{
	archiveVersion = 1;
	classes = {
	};
	objectVersion = 46;
	objects = {

/* Begin PBXBuildFile section */
		0702F7E6247E62B200B22846 /* ContactsTableViewController.swift in Sources */ = {isa = PBXBuildFile; fileRef = 0702F7E5247E62B200B22846 /* ContactsTableViewController.swift */; };
		070C41742489204F0035314A /* SearchViewController.swift in Sources */ = {isa = PBXBuildFile; fileRef = 070C41732489204F0035314A /* SearchViewController.swift */; };
		071CF7B426609F6900897B01 /* MessageCollectionViewTextCell.swift in Sources */ = {isa = PBXBuildFile; fileRef = 071CF7B326609F6900897B01 /* MessageCollectionViewTextCell.swift */; };
		071CF7B626609F7C00897B01 /* MessageCollectionViewImageCell.swift in Sources */ = {isa = PBXBuildFile; fileRef = 071CF7B526609F7C00897B01 /* MessageCollectionViewImageCell.swift */; };
		071CF7B826609F8900897B01 /* MessageCollectionViewDrawCell.swift in Sources */ = {isa = PBXBuildFile; fileRef = 071CF7B726609F8900897B01 /* MessageCollectionViewDrawCell.swift */; };
		071CF7D2266383BD00897B01 /* ContactTableViewCell.swift in Sources */ = {isa = PBXBuildFile; fileRef = 071CF7D0266383BC00897B01 /* ContactTableViewCell.swift */; };
		071F970E247D45C1000B3DBC /* WatchSession.swift in Sources */ = {isa = PBXBuildFile; fileRef = 071F970D247D45C1000B3DBC /* WatchSession.swift */; };
		0739FA3E25B9557A00B6A7AB /* ImageBrowserViewController.swift in Sources */ = {isa = PBXBuildFile; fileRef = 0739FA3D25B9557900B6A7AB /* ImageBrowserViewController.swift */; };
		0739FA4425BA829E00B6A7AB /* PushKit.framework in Frameworks */ = {isa = PBXBuildFile; fileRef = 0739FA4325BA829D00B6A7AB /* PushKit.framework */; };
		0739FA4825BA855A00B6A7AB /* CallKit.framework in Frameworks */ = {isa = PBXBuildFile; fileRef = 0739FA4725BA855A00B6A7AB /* CallKit.framework */; };
		0739FA4F25BAA9A300B6A7AB /* Call.swift in Sources */ = {isa = PBXBuildFile; fileRef = 0739FA4E25BAA9A300B6A7AB /* Call.swift */; };
		0739FA5225BAAAD300B6A7AB /* CallManager.swift in Sources */ = {isa = PBXBuildFile; fileRef = 0739FA5125BAAAD300B6A7AB /* CallManager.swift */; };
		0739FA5525BAACD400B6A7AB /* ProviderDelegate.swift in Sources */ = {isa = PBXBuildFile; fileRef = 0739FA5425BAACD400B6A7AB /* ProviderDelegate.swift */; };
		0739FA5825BAB00300B6A7AB /* Audio.swift in Sources */ = {isa = PBXBuildFile; fileRef = 0739FA5725BAB00300B6A7AB /* Audio.swift */; };
		0739FABC25BEEF6B00B6A7AB /* FloatWindow.swift in Sources */ = {isa = PBXBuildFile; fileRef = 0739FABB25BEEF6B00B6A7AB /* FloatWindow.swift */; };
		073FDF6A25B2A35000FE01CD /* NotificationManager.swift in Sources */ = {isa = PBXBuildFile; fileRef = 073FDF6925B2A35000FE01CD /* NotificationManager.swift */; };
		07471A3F265002440042EC2D /* OverlayVideoView.m in Sources */ = {isa = PBXBuildFile; fileRef = 07471A3E265002440042EC2D /* OverlayVideoView.m */; };
		07471A42265008820042EC2D /* MainVideoView.m in Sources */ = {isa = PBXBuildFile; fileRef = 07471A41265008820042EC2D /* MainVideoView.m */; };
		07471A4526501B200042EC2D /* VideoChatViewController.m in Sources */ = {isa = PBXBuildFile; fileRef = 07471A4426501B200042EC2D /* VideoChatViewController.m */; };
		07471A49265036700042EC2D /* Shader.vsh in Resources */ = {isa = PBXBuildFile; fileRef = 07471A47265036700042EC2D /* Shader.vsh */; };
		07471A4A265036700042EC2D /* Shader.fsh in Resources */ = {isa = PBXBuildFile; fileRef = 07471A48265036700042EC2D /* Shader.fsh */; };
		0749E65F25E521420058EC30 /* EmojiSelectView.swift in Sources */ = {isa = PBXBuildFile; fileRef = 0749E65E25E521420058EC30 /* EmojiSelectView.swift */; };
		0749E66225E601690058EC30 /* EmojiCollectionViewCell.swift in Sources */ = {isa = PBXBuildFile; fileRef = 0749E66125E601690058EC30 /* EmojiCollectionViewCell.swift */; };
		075557322665D4B000F63F55 /* Recorder.m in Sources */ = {isa = PBXBuildFile; fileRef = 075557312665D4B000F63F55 /* Recorder.m */; };
		075557342666317000F63F55 /* SettingViewController.swift in Sources */ = {isa = PBXBuildFile; fileRef = 075557332666317000F63F55 /* SettingViewController.swift */; };
		075557362666529B00F63F55 /* DatePickerViewController.swift in Sources */ = {isa = PBXBuildFile; fileRef = 075557352666529B00F63F55 /* DatePickerViewController.swift */; };
		0760E10125E74BD30030337E /* HJOpenGLView.m in Sources */ = {isa = PBXBuildFile; fileRef = 0760E0FE25E74BD30030337E /* HJOpenGLView.m */; };
		0760E10225E74BD30030337E /* HJH264Encoder.m in Sources */ = {isa = PBXBuildFile; fileRef = 0760E0FF25E74BD30030337E /* HJH264Encoder.m */; };
		0760E10625E74C410030337E /* HJH264Decoder.m in Sources */ = {isa = PBXBuildFile; fileRef = 0760E10425E74C410030337E /* HJH264Decoder.m */; };
		078E66A22658C0D600E5277E /* PKView.m in Sources */ = {isa = PBXBuildFile; fileRef = 078E66A12658C0D600E5277E /* PKView.m */; };
		078E66A6265A310F00E5277E /* DrawViewController.swift in Sources */ = {isa = PBXBuildFile; fileRef = 078E66A5265A310F00E5277E /* DrawViewController.swift */; };
		079317282643CDA2008EBB27 /* WebSocketManagerAdapter.swift in Sources */ = {isa = PBXBuildFile; fileRef = 079317272643CDA2008EBB27 /* WebSocketManagerAdapter.swift */; };
		0799068625B3D44B0083C1B8 /* main.storyboard in Resources */ = {isa = PBXBuildFile; fileRef = 0799068525B3D44B0083C1B8 /* main.storyboard */; };
		07AB7B0B248F2A7A005306A1 /* SignUpViewController.swift in Sources */ = {isa = PBXBuildFile; fileRef = 07AB7B09248F2A7A005306A1 /* SignUpViewController.swift */; };
		07AB7B0C248F2A7A005306A1 /* SignUpViewController.xib in Resources */ = {isa = PBXBuildFile; fileRef = 07AB7B0A248F2A7A005306A1 /* SignUpViewController.xib */; };
		07B3F5D4262470D70016B5C9 /* ChatRoomViewController+Drop.swift in Sources */ = {isa = PBXBuildFile; fileRef = 07B3F5D3262470D70016B5C9 /* ChatRoomViewController+Drop.swift */; };
		07B3F5F22627E65B0016B5C9 /* ChatRoomCollectionViewLayout.swift in Sources */ = {isa = PBXBuildFile; fileRef = 07B3F5F12627E65B0016B5C9 /* ChatRoomCollectionViewLayout.swift */; };
		07C9632F25E3B53900C2BF4C /* ImageConfirmViewController.swift in Sources */ = {isa = PBXBuildFile; fileRef = 07C9632D25E3B53900C2BF4C /* ImageConfirmViewController.swift */; };
		07C9633025E3B53900C2BF4C /* ImageConfirmViewController.xib in Resources */ = {isa = PBXBuildFile; fileRef = 07C9632E25E3B53900C2BF4C /* ImageConfirmViewController.xib */; };
		07E001DA248CA56800D4A287 /* SelectShortcutTVC.swift in Sources */ = {isa = PBXBuildFile; fileRef = 07E001D9248CA56800D4A287 /* SelectShortcutTVC.swift */; };
		AE909BEB1EB54099009D9D95 /* MessageCollectionViewBaseCell.swift in Sources */ = {isa = PBXBuildFile; fileRef = AE909BEA1EB54099009D9D95 /* MessageCollectionViewBaseCell.swift */; };
		AE909BEF1EB54C4B009D9D95 /* Label.swift in Sources */ = {isa = PBXBuildFile; fileRef = AE909BEE1EB54C4B009D9D95 /* Label.swift */; };
		AE909BF11EB63FDB009D9D95 /* MessageInputView.swift in Sources */ = {isa = PBXBuildFile; fileRef = AE909BF01EB63FDB009D9D95 /* MessageInputView.swift */; };
		AEA5A1771EC3618C0041C7B4 /* ChatRoomViewController+Layout.swift in Sources */ = {isa = PBXBuildFile; fileRef = AEA5A1761EC3618C0041C7B4 /* ChatRoomViewController+Layout.swift */; };
		AEA5A1791EC362150041C7B4 /* ChatRoomViewController+Table.swift in Sources */ = {isa = PBXBuildFile; fileRef = AEA5A1781EC362150041C7B4 /* ChatRoomViewController+Table.swift */; };
		AEC6BF3F1EAF320E007CA6E5 /* AppDelegate.swift in Sources */ = {isa = PBXBuildFile; fileRef = AEC6BF3E1EAF320E007CA6E5 /* AppDelegate.swift */; };
		AEC6BF411EAF320E007CA6E5 /* JoinChatViewController.swift in Sources */ = {isa = PBXBuildFile; fileRef = AEC6BF401EAF320E007CA6E5 /* JoinChatViewController.swift */; };
		AEC6BF461EAF320E007CA6E5 /* Assets.xcassets in Resources */ = {isa = PBXBuildFile; fileRef = AEC6BF451EAF320E007CA6E5 /* Assets.xcassets */; };
		AEC6BF491EAF320E007CA6E5 /* LaunchScreen.storyboard in Resources */ = {isa = PBXBuildFile; fileRef = AEC6BF471EAF320E007CA6E5 /* LaunchScreen.storyboard */; };
		AEC6BF511EAF345A007CA6E5 /* ChatRoomViewController.swift in Sources */ = {isa = PBXBuildFile; fileRef = AEC6BF501EAF345A007CA6E5 /* ChatRoomViewController.swift */; };
		AEFEAA511EAF37BC00889E76 /* Inconsolata-Bold.ttf in Resources */ = {isa = PBXBuildFile; fileRef = AEFEAA4F1EAF37BC00889E76 /* Inconsolata-Bold.ttf */; };
		AEFEAA521EAF37BC00889E76 /* Inconsolata-Regular.ttf in Resources */ = {isa = PBXBuildFile; fileRef = AEFEAA501EAF37BC00889E76 /* Inconsolata-Regular.ttf */; };
		E52F38351E69F8D1B345D569 /* libPods-DogeChat.a in Frameworks */ = {isa = PBXBuildFile; fileRef = CA29E1DB30A197FEE7773D92 /* libPods-DogeChat.a */; };
/* End PBXBuildFile section */

/* Begin PBXContainerItemProxy section */
		07A740BE2514E6090014880E /* PBXContainerItemProxy */ = {
			isa = PBXContainerItemProxy;
			containerPortal = 07A740A82514E5E90014880E /* Starscream.xcodeproj */;
			proxyType = 2;
			remoteGlobalIDString = 33CCF0921F5DDC030099B092;
			remoteInfo = Starscream;
		};
		07A740C02514E6090014880E /* PBXContainerItemProxy */ = {
			isa = PBXContainerItemProxy;
			containerPortal = 07A740A82514E5E90014880E /* Starscream.xcodeproj */;
			proxyType = 2;
			remoteGlobalIDString = 335FA2021F5DF71D00F6D2EC;
			remoteInfo = "Starscream Tests";
		};
/* End PBXContainerItemProxy section */

/* Begin PBXCopyFilesBuildPhase section */
		073FDF5E25B2871C00FE01CD /* Embed App Extensions */ = {
			isa = PBXCopyFilesBuildPhase;
			buildActionMask = 2147483647;
			dstPath = "";
			dstSubfolderSpec = 13;
			files = (
			);
			name = "Embed App Extensions";
			runOnlyForDeploymentPostprocessing = 0;
		};
		07C6AF9B247D1AF80007222F /* Embed Watch Content */ = {
			isa = PBXCopyFilesBuildPhase;
			buildActionMask = 2147483647;
			dstPath = "$(CONTENTS_FOLDER_PATH)/Watch";
			dstSubfolderSpec = 16;
			files = (
			);
			name = "Embed Watch Content";
			runOnlyForDeploymentPostprocessing = 0;
		};
/* End PBXCopyFilesBuildPhase section */

/* Begin PBXFileReference section */
		0702F7E5247E62B200B22846 /* ContactsTableViewController.swift */ = {isa = PBXFileReference; lastKnownFileType = sourcecode.swift; path = ContactsTableViewController.swift; sourceTree = "<group>"; };
		070C41732489204F0035314A /* SearchViewController.swift */ = {isa = PBXFileReference; lastKnownFileType = sourcecode.swift; path = SearchViewController.swift; sourceTree = "<group>"; };
		071CF7B326609F6900897B01 /* MessageCollectionViewTextCell.swift */ = {isa = PBXFileReference; lastKnownFileType = sourcecode.swift; path = MessageCollectionViewTextCell.swift; sourceTree = "<group>"; };
		071CF7B526609F7C00897B01 /* MessageCollectionViewImageCell.swift */ = {isa = PBXFileReference; lastKnownFileType = sourcecode.swift; path = MessageCollectionViewImageCell.swift; sourceTree = "<group>"; };
		071CF7B726609F8900897B01 /* MessageCollectionViewDrawCell.swift */ = {isa = PBXFileReference; lastKnownFileType = sourcecode.swift; path = MessageCollectionViewDrawCell.swift; sourceTree = "<group>"; };
		071CF7D0266383BC00897B01 /* ContactTableViewCell.swift */ = {isa = PBXFileReference; lastKnownFileType = sourcecode.swift; path = ContactTableViewCell.swift; sourceTree = "<group>"; };
		071F970D247D45C1000B3DBC /* WatchSession.swift */ = {isa = PBXFileReference; lastKnownFileType = sourcecode.swift; path = WatchSession.swift; sourceTree = "<group>"; };
		0739FA3D25B9557900B6A7AB /* ImageBrowserViewController.swift */ = {isa = PBXFileReference; lastKnownFileType = sourcecode.swift; path = ImageBrowserViewController.swift; sourceTree = "<group>"; };
		0739FA4325BA829D00B6A7AB /* PushKit.framework */ = {isa = PBXFileReference; lastKnownFileType = wrapper.framework; name = PushKit.framework; path = System/Library/Frameworks/PushKit.framework; sourceTree = SDKROOT; };
		0739FA4725BA855A00B6A7AB /* CallKit.framework */ = {isa = PBXFileReference; lastKnownFileType = wrapper.framework; name = CallKit.framework; path = System/Library/Frameworks/CallKit.framework; sourceTree = SDKROOT; };
		0739FA4E25BAA9A300B6A7AB /* Call.swift */ = {isa = PBXFileReference; lastKnownFileType = sourcecode.swift; path = Call.swift; sourceTree = "<group>"; };
		0739FA5125BAAAD300B6A7AB /* CallManager.swift */ = {isa = PBXFileReference; lastKnownFileType = sourcecode.swift; path = CallManager.swift; sourceTree = "<group>"; };
		0739FA5425BAACD400B6A7AB /* ProviderDelegate.swift */ = {isa = PBXFileReference; lastKnownFileType = sourcecode.swift; path = ProviderDelegate.swift; sourceTree = "<group>"; };
		0739FA5725BAB00300B6A7AB /* Audio.swift */ = {isa = PBXFileReference; lastKnownFileType = sourcecode.swift; path = Audio.swift; sourceTree = "<group>"; };
		0739FABB25BEEF6B00B6A7AB /* FloatWindow.swift */ = {isa = PBXFileReference; lastKnownFileType = sourcecode.swift; path = FloatWindow.swift; sourceTree = "<group>"; };
		073FDF5425B2871C00FE01CD /* NotificationService.h */ = {isa = PBXFileReference; lastKnownFileType = sourcecode.c.h; path = NotificationService.h; sourceTree = "<group>"; };
		073FDF5525B2871C00FE01CD /* NotificationService.m */ = {isa = PBXFileReference; lastKnownFileType = sourcecode.c.objc; path = NotificationService.m; sourceTree = "<group>"; };
		073FDF5725B2871C00FE01CD /* Info.plist */ = {isa = PBXFileReference; lastKnownFileType = text.plist.xml; path = Info.plist; sourceTree = "<group>"; };
		073FDF6525B289A800FE01CD /* DogeChat.entitlements */ = {isa = PBXFileReference; lastKnownFileType = text.plist.entitlements; path = DogeChat.entitlements; sourceTree = "<group>"; };
		073FDF6925B2A35000FE01CD /* NotificationManager.swift */ = {isa = PBXFileReference; lastKnownFileType = sourcecode.swift; path = NotificationManager.swift; sourceTree = "<group>"; };
		073FDF9F25B2F3BE00FE01CD /* DogeChat-Bridging-Header.h */ = {isa = PBXFileReference; lastKnownFileType = sourcecode.c.h; path = "DogeChat-Bridging-Header.h"; sourceTree = "<group>"; };
		073FDFAC25B2F61500FE01CD /* libAFNetworking.a */ = {isa = PBXFileReference; explicitFileType = archive.ar; path = libAFNetworking.a; sourceTree = BUILT_PRODUCTS_DIR; };
		073FDFDE25B2FA3700FE01CD /* SwiftyJSON.framework */ = {isa = PBXFileReference; explicitFileType = wrapper.framework; path = SwiftyJSON.framework; sourceTree = BUILT_PRODUCTS_DIR; };
		07471A3D265002440042EC2D /* OverlayVideoView.h */ = {isa = PBXFileReference; lastKnownFileType = sourcecode.c.h; path = OverlayVideoView.h; sourceTree = "<group>"; };
		07471A3E265002440042EC2D /* OverlayVideoView.m */ = {isa = PBXFileReference; lastKnownFileType = sourcecode.c.objc; path = OverlayVideoView.m; sourceTree = "<group>"; };
		07471A40265008820042EC2D /* MainVideoView.h */ = {isa = PBXFileReference; lastKnownFileType = sourcecode.c.h; path = MainVideoView.h; sourceTree = "<group>"; };
		07471A41265008820042EC2D /* MainVideoView.m */ = {isa = PBXFileReference; lastKnownFileType = sourcecode.c.objc; path = MainVideoView.m; sourceTree = "<group>"; };
		07471A4326501B200042EC2D /* VideoChatViewController.h */ = {isa = PBXFileReference; lastKnownFileType = sourcecode.c.h; path = VideoChatViewController.h; sourceTree = "<group>"; };
		07471A4426501B200042EC2D /* VideoChatViewController.m */ = {isa = PBXFileReference; lastKnownFileType = sourcecode.c.objc; path = VideoChatViewController.m; sourceTree = "<group>"; };
		07471A47265036700042EC2D /* Shader.vsh */ = {isa = PBXFileReference; fileEncoding = 4; lastKnownFileType = sourcecode.glsl; path = Shader.vsh; sourceTree = "<group>"; };
		07471A48265036700042EC2D /* Shader.fsh */ = {isa = PBXFileReference; fileEncoding = 4; lastKnownFileType = sourcecode.glsl; path = Shader.fsh; sourceTree = "<group>"; };
		0749E65E25E521420058EC30 /* EmojiSelectView.swift */ = {isa = PBXFileReference; lastKnownFileType = sourcecode.swift; path = EmojiSelectView.swift; sourceTree = "<group>"; };
		0749E66125E601690058EC30 /* EmojiCollectionViewCell.swift */ = {isa = PBXFileReference; lastKnownFileType = sourcecode.swift; path = EmojiCollectionViewCell.swift; sourceTree = "<group>"; };
		075557302665D4B000F63F55 /* Recorder.h */ = {isa = PBXFileReference; fileEncoding = 4; lastKnownFileType = sourcecode.c.h; path = Recorder.h; sourceTree = "<group>"; };
		075557312665D4B000F63F55 /* Recorder.m */ = {isa = PBXFileReference; fileEncoding = 4; lastKnownFileType = sourcecode.c.objc; path = Recorder.m; sourceTree = "<group>"; };
		075557332666317000F63F55 /* SettingViewController.swift */ = {isa = PBXFileReference; lastKnownFileType = sourcecode.swift; path = SettingViewController.swift; sourceTree = "<group>"; };
		075557352666529B00F63F55 /* DatePickerViewController.swift */ = {isa = PBXFileReference; lastKnownFileType = sourcecode.swift; path = DatePickerViewController.swift; sourceTree = "<group>"; };
		0760E0FD25E74BD30030337E /* HJH264Encoder.h */ = {isa = PBXFileReference; fileEncoding = 4; lastKnownFileType = sourcecode.c.h; path = HJH264Encoder.h; sourceTree = "<group>"; };
		0760E0FE25E74BD30030337E /* HJOpenGLView.m */ = {isa = PBXFileReference; fileEncoding = 4; lastKnownFileType = sourcecode.c.objc; path = HJOpenGLView.m; sourceTree = "<group>"; };
		0760E0FF25E74BD30030337E /* HJH264Encoder.m */ = {isa = PBXFileReference; fileEncoding = 4; lastKnownFileType = sourcecode.c.objc; path = HJH264Encoder.m; sourceTree = "<group>"; };
		0760E10025E74BD30030337E /* HJOpenGLView.h */ = {isa = PBXFileReference; fileEncoding = 4; lastKnownFileType = sourcecode.c.h; path = HJOpenGLView.h; sourceTree = "<group>"; };
		0760E10425E74C410030337E /* HJH264Decoder.m */ = {isa = PBXFileReference; fileEncoding = 4; lastKnownFileType = sourcecode.c.objc; path = HJH264Decoder.m; sourceTree = "<group>"; };
		0760E10525E74C410030337E /* HJH264Decoder.h */ = {isa = PBXFileReference; fileEncoding = 4; lastKnownFileType = sourcecode.c.h; path = HJH264Decoder.h; sourceTree = "<group>"; };
		078032712486B13E00E370E0 /* XCTest.framework */ = {isa = PBXFileReference; lastKnownFileType = wrapper.framework; name = XCTest.framework; path = Platforms/iPhoneOS.platform/Developer/Library/Frameworks/XCTest.framework; sourceTree = DEVELOPER_DIR; };
		0780327A2486B28C00E370E0 /* DogeChatTests.swift */ = {isa = PBXFileReference; lastKnownFileType = sourcecode.swift; path = DogeChatTests.swift; sourceTree = "<group>"; };
		0780327C2486B28C00E370E0 /* Info.plist */ = {isa = PBXFileReference; lastKnownFileType = text.plist.xml; path = Info.plist; sourceTree = "<group>"; };
		07866D1826340541007E049C /* Intents.framework */ = {isa = PBXFileReference; lastKnownFileType = wrapper.framework; name = Intents.framework; path = System/Library/Frameworks/Intents.framework; sourceTree = SDKROOT; };
		07866D1B26340541007E049C /* IntentHandler.swift */ = {isa = PBXFileReference; lastKnownFileType = sourcecode.swift; path = IntentHandler.swift; sourceTree = "<group>"; };
		07866D1D26340541007E049C /* Info.plist */ = {isa = PBXFileReference; lastKnownFileType = text.plist.xml; path = Info.plist; sourceTree = "<group>"; };
		07866D2326340541007E049C /* IntentsUI.framework */ = {isa = PBXFileReference; lastKnownFileType = wrapper.framework; name = IntentsUI.framework; path = System/Library/Frameworks/IntentsUI.framework; sourceTree = SDKROOT; };
		07866D2626340541007E049C /* IntentViewController.swift */ = {isa = PBXFileReference; lastKnownFileType = sourcecode.swift; path = IntentViewController.swift; sourceTree = "<group>"; };
		07866D2926340541007E049C /* Base */ = {isa = PBXFileReference; lastKnownFileType = file.storyboard; name = Base; path = Base.lproj/MainInterface.storyboard; sourceTree = "<group>"; };
		07866D2B26340541007E049C /* Info.plist */ = {isa = PBXFileReference; lastKnownFileType = text.plist.xml; path = Info.plist; sourceTree = "<group>"; };
		078E66A02658C0D600E5277E /* PKView.h */ = {isa = PBXFileReference; lastKnownFileType = sourcecode.c.h; path = PKView.h; sourceTree = "<group>"; };
		078E66A12658C0D600E5277E /* PKView.m */ = {isa = PBXFileReference; lastKnownFileType = sourcecode.c.objc; path = PKView.m; sourceTree = "<group>"; };
		078E66A5265A310F00E5277E /* DrawViewController.swift */ = {isa = PBXFileReference; lastKnownFileType = sourcecode.swift; path = DrawViewController.swift; sourceTree = "<group>"; };
		079317272643CDA2008EBB27 /* WebSocketManagerAdapter.swift */ = {isa = PBXFileReference; lastKnownFileType = sourcecode.swift; path = WebSocketManagerAdapter.swift; sourceTree = "<group>"; };
		0799068525B3D44B0083C1B8 /* main.storyboard */ = {isa = PBXFileReference; lastKnownFileType = file.storyboard; path = main.storyboard; sourceTree = "<group>"; };
		07A740A82514E5E90014880E /* Starscream.xcodeproj */ = {isa = PBXFileReference; lastKnownFileType = "wrapper.pb-project"; name = Starscream.xcodeproj; path = "../../../DownloadedFromRaywenderlich/Starscream-master/Starscream.xcodeproj"; sourceTree = "<group>"; };
		07A740F82514E9490014880E /* SwiftyJSON.framework */ = {isa = PBXFileReference; explicitFileType = wrapper.framework; path = SwiftyJSON.framework; sourceTree = BUILT_PRODUCTS_DIR; };
		07A7410F2514E9C60014880E /* SwiftyJSON.framework */ = {isa = PBXFileReference; explicitFileType = wrapper.framework; path = SwiftyJSON.framework; sourceTree = BUILT_PRODUCTS_DIR; };
		07A741222514EE2C0014880E /* AFNetworking.framework */ = {isa = PBXFileReference; explicitFileType = wrapper.framework; path = AFNetworking.framework; sourceTree = BUILT_PRODUCTS_DIR; };
		07AB7B09248F2A7A005306A1 /* SignUpViewController.swift */ = {isa = PBXFileReference; lastKnownFileType = sourcecode.swift; path = SignUpViewController.swift; sourceTree = "<group>"; };
		07AB7B0A248F2A7A005306A1 /* SignUpViewController.xib */ = {isa = PBXFileReference; lastKnownFileType = file.xib; path = SignUpViewController.xib; sourceTree = "<group>"; };
		07B3F5D3262470D70016B5C9 /* ChatRoomViewController+Drop.swift */ = {isa = PBXFileReference; lastKnownFileType = sourcecode.swift; path = "ChatRoomViewController+Drop.swift"; sourceTree = "<group>"; };
		07B3F5F12627E65B0016B5C9 /* ChatRoomCollectionViewLayout.swift */ = {isa = PBXFileReference; lastKnownFileType = sourcecode.swift; path = ChatRoomCollectionViewLayout.swift; sourceTree = "<group>"; };
		07C9632D25E3B53900C2BF4C /* ImageConfirmViewController.swift */ = {isa = PBXFileReference; lastKnownFileType = sourcecode.swift; path = ImageConfirmViewController.swift; sourceTree = "<group>"; };
		07C9632E25E3B53900C2BF4C /* ImageConfirmViewController.xib */ = {isa = PBXFileReference; lastKnownFileType = file.xib; path = ImageConfirmViewController.xib; sourceTree = "<group>"; };
		07E001D9248CA56800D4A287 /* SelectShortcutTVC.swift */ = {isa = PBXFileReference; lastKnownFileType = sourcecode.swift; path = SelectShortcutTVC.swift; sourceTree = "<group>"; };
		0A4AEF28A524D18B5C8ECDC5 /* Pods-DogeChatWatch Extension.release.xcconfig */ = {isa = PBXFileReference; includeInIndex = 1; lastKnownFileType = text.xcconfig; name = "Pods-DogeChatWatch Extension.release.xcconfig"; path = "Target Support Files/Pods-DogeChatWatch Extension/Pods-DogeChatWatch Extension.release.xcconfig"; sourceTree = "<group>"; };
		0B69595E028EAB1E5EC8EA2E /* Pods-DogeChat.release.xcconfig */ = {isa = PBXFileReference; includeInIndex = 1; lastKnownFileType = text.xcconfig; name = "Pods-DogeChat.release.xcconfig"; path = "Target Support Files/Pods-DogeChat/Pods-DogeChat.release.xcconfig"; sourceTree = "<group>"; };
		0BB85710DE7602B06E64DC2B /* Pods-SiriMessage.release.xcconfig */ = {isa = PBXFileReference; includeInIndex = 1; lastKnownFileType = text.xcconfig; name = "Pods-SiriMessage.release.xcconfig"; path = "Target Support Files/Pods-SiriMessage/Pods-SiriMessage.release.xcconfig"; sourceTree = "<group>"; };
		11446107E0EC4769216E7331 /* Pods-DogeChat.debug.xcconfig */ = {isa = PBXFileReference; includeInIndex = 1; lastKnownFileType = text.xcconfig; name = "Pods-DogeChat.debug.xcconfig"; path = "Target Support Files/Pods-DogeChat/Pods-DogeChat.debug.xcconfig"; sourceTree = "<group>"; };
		3A00166581D5028C88378B40 /* Pods-DogeChatWatch Extension.debug.xcconfig */ = {isa = PBXFileReference; includeInIndex = 1; lastKnownFileType = text.xcconfig; name = "Pods-DogeChatWatch Extension.debug.xcconfig"; path = "Target Support Files/Pods-DogeChatWatch Extension/Pods-DogeChatWatch Extension.debug.xcconfig"; sourceTree = "<group>"; };
		662BDD147731663819D8A961 /* libPods-DogeChatWatch Extension.a */ = {isa = PBXFileReference; explicitFileType = archive.ar; includeInIndex = 0; path = "libPods-DogeChatWatch Extension.a"; sourceTree = BUILT_PRODUCTS_DIR; };
		9BE932888DEA4AE98C7FEC3A /* libPods-SiriMessage.a */ = {isa = PBXFileReference; explicitFileType = archive.ar; includeInIndex = 0; path = "libPods-SiriMessage.a"; sourceTree = BUILT_PRODUCTS_DIR; };
		A8314936592D9B8008FA8F43 /* Pods-SiriMessage.debug.xcconfig */ = {isa = PBXFileReference; includeInIndex = 1; lastKnownFileType = text.xcconfig; name = "Pods-SiriMessage.debug.xcconfig"; path = "Target Support Files/Pods-SiriMessage/Pods-SiriMessage.debug.xcconfig"; sourceTree = "<group>"; };
		AE909BEA1EB54099009D9D95 /* MessageCollectionViewBaseCell.swift */ = {isa = PBXFileReference; fileEncoding = 4; lastKnownFileType = sourcecode.swift; path = MessageCollectionViewBaseCell.swift; sourceTree = "<group>"; };
		AE909BEE1EB54C4B009D9D95 /* Label.swift */ = {isa = PBXFileReference; fileEncoding = 4; lastKnownFileType = sourcecode.swift; path = Label.swift; sourceTree = "<group>"; };
		AE909BF01EB63FDB009D9D95 /* MessageInputView.swift */ = {isa = PBXFileReference; fileEncoding = 4; lastKnownFileType = sourcecode.swift; path = MessageInputView.swift; sourceTree = "<group>"; };
		AEA5A1761EC3618C0041C7B4 /* ChatRoomViewController+Layout.swift */ = {isa = PBXFileReference; fileEncoding = 4; lastKnownFileType = sourcecode.swift; path = "ChatRoomViewController+Layout.swift"; sourceTree = "<group>"; };
		AEA5A1781EC362150041C7B4 /* ChatRoomViewController+Table.swift */ = {isa = PBXFileReference; fileEncoding = 4; lastKnownFileType = sourcecode.swift; path = "ChatRoomViewController+Table.swift"; sourceTree = "<group>"; };
		AEC6BF3B1EAF320E007CA6E5 /* DogeChat.app */ = {isa = PBXFileReference; explicitFileType = wrapper.application; includeInIndex = 0; path = DogeChat.app; sourceTree = BUILT_PRODUCTS_DIR; };
		AEC6BF3E1EAF320E007CA6E5 /* AppDelegate.swift */ = {isa = PBXFileReference; lastKnownFileType = sourcecode.swift; path = AppDelegate.swift; sourceTree = "<group>"; };
		AEC6BF401EAF320E007CA6E5 /* JoinChatViewController.swift */ = {isa = PBXFileReference; lastKnownFileType = sourcecode.swift; path = JoinChatViewController.swift; sourceTree = "<group>"; };
		AEC6BF451EAF320E007CA6E5 /* Assets.xcassets */ = {isa = PBXFileReference; lastKnownFileType = folder.assetcatalog; path = Assets.xcassets; sourceTree = "<group>"; };
		AEC6BF481EAF320E007CA6E5 /* Base */ = {isa = PBXFileReference; lastKnownFileType = file.storyboard; name = Base; path = Base.lproj/LaunchScreen.storyboard; sourceTree = "<group>"; };
		AEC6BF4A1EAF320E007CA6E5 /* Info.plist */ = {isa = PBXFileReference; lastKnownFileType = text.plist.xml; path = Info.plist; sourceTree = "<group>"; };
		AEC6BF501EAF345A007CA6E5 /* ChatRoomViewController.swift */ = {isa = PBXFileReference; fileEncoding = 4; lastKnownFileType = sourcecode.swift; path = ChatRoomViewController.swift; sourceTree = "<group>"; };
		AEFEAA4F1EAF37BC00889E76 /* Inconsolata-Bold.ttf */ = {isa = PBXFileReference; lastKnownFileType = file; path = "Inconsolata-Bold.ttf"; sourceTree = "<group>"; };
		AEFEAA501EAF37BC00889E76 /* Inconsolata-Regular.ttf */ = {isa = PBXFileReference; lastKnownFileType = file; path = "Inconsolata-Regular.ttf"; sourceTree = "<group>"; };
		CA29E1DB30A197FEE7773D92 /* libPods-DogeChat.a */ = {isa = PBXFileReference; explicitFileType = archive.ar; includeInIndex = 0; path = "libPods-DogeChat.a"; sourceTree = BUILT_PRODUCTS_DIR; };
/* End PBXFileReference section */

/* Begin PBXFrameworksBuildPhase section */
		AEC6BF381EAF320E007CA6E5 /* Frameworks */ = {
			isa = PBXFrameworksBuildPhase;
			buildActionMask = 2147483647;
			files = (
				0739FA4825BA855A00B6A7AB /* CallKit.framework in Frameworks */,
				0739FA4425BA829E00B6A7AB /* PushKit.framework in Frameworks */,
				E52F38351E69F8D1B345D569 /* libPods-DogeChat.a in Frameworks */,
			);
			runOnlyForDeploymentPostprocessing = 0;
		};
/* End PBXFrameworksBuildPhase section */

/* Begin PBXGroup section */
		073144A3245FF83D00D915E8 /* Frameworks */ = {
			isa = PBXGroup;
			children = (
				0739FA4725BA855A00B6A7AB /* CallKit.framework */,
				0739FA4325BA829D00B6A7AB /* PushKit.framework */,
				073FDFDE25B2FA3700FE01CD /* SwiftyJSON.framework */,
				073FDFAC25B2F61500FE01CD /* libAFNetworking.a */,
				07A741222514EE2C0014880E /* AFNetworking.framework */,
				07A7410F2514E9C60014880E /* SwiftyJSON.framework */,
				07A740F82514E9490014880E /* SwiftyJSON.framework */,
				078032712486B13E00E370E0 /* XCTest.framework */,
				CA29E1DB30A197FEE7773D92 /* libPods-DogeChat.a */,
				07866D1826340541007E049C /* Intents.framework */,
				07866D2326340541007E049C /* IntentsUI.framework */,
				9BE932888DEA4AE98C7FEC3A /* libPods-SiriMessage.a */,
				662BDD147731663819D8A961 /* libPods-DogeChatWatch Extension.a */,
			);
			name = Frameworks;
			sourceTree = "<group>";
		};
		0739FA4C25BAA90800B6A7AB /* Call */ = {
			isa = PBXGroup;
			children = (
				075557302665D4B000F63F55 /* Recorder.h */,
				075557312665D4B000F63F55 /* Recorder.m */,
				0739FA4E25BAA9A300B6A7AB /* Call.swift */,
				0739FA5125BAAAD300B6A7AB /* CallManager.swift */,
				0739FA5425BAACD400B6A7AB /* ProviderDelegate.swift */,
				0739FA5725BAB00300B6A7AB /* Audio.swift */,
			);
			path = Call;
			sourceTree = "<group>";
		};
		073FDF5325B2871C00FE01CD /* notification */ = {
			isa = PBXGroup;
			children = (
				073FDF5425B2871C00FE01CD /* NotificationService.h */,
				073FDF5525B2871C00FE01CD /* NotificationService.m */,
				073FDF5725B2871C00FE01CD /* Info.plist */,
			);
			path = notification;
			sourceTree = "<group>";
		};
		07471A09264F838B0042EC2D /* EncoderDecorder */ = {
			isa = PBXGroup;
			children = (
				07471A48265036700042EC2D /* Shader.fsh */,
				07471A47265036700042EC2D /* Shader.vsh */,
				0760E10525E74C410030337E /* HJH264Decoder.h */,
				0760E10425E74C410030337E /* HJH264Decoder.m */,
				0760E0FD25E74BD30030337E /* HJH264Encoder.h */,
				0760E0FF25E74BD30030337E /* HJH264Encoder.m */,
				0760E10025E74BD30030337E /* HJOpenGLView.h */,
				0760E0FE25E74BD30030337E /* HJOpenGLView.m */,
			);
			path = EncoderDecorder;
			sourceTree = "<group>";
		};
		0760E0FC25E74BD30030337E /* Video */ = {
			isa = PBXGroup;
			children = (
				07471A09264F838B0042EC2D /* EncoderDecorder */,
				07471A4326501B200042EC2D /* VideoChatViewController.h */,
				07471A4426501B200042EC2D /* VideoChatViewController.m */,
				07471A40265008820042EC2D /* MainVideoView.h */,
				07471A41265008820042EC2D /* MainVideoView.m */,
				07471A3D265002440042EC2D /* OverlayVideoView.h */,
				07471A3E265002440042EC2D /* OverlayVideoView.m */,
			);
			path = Video;
			sourceTree = "<group>";
		};
		078032792486B28C00E370E0 /* DogeChatTests */ = {
			isa = PBXGroup;
			children = (
				0780327A2486B28C00E370E0 /* DogeChatTests.swift */,
				0780327C2486B28C00E370E0 /* Info.plist */,
			);
			path = DogeChatTests;
			sourceTree = "<group>";
		};
		07866D1A26340541007E049C /* SiriMessage */ = {
			isa = PBXGroup;
			children = (
				07866D1B26340541007E049C /* IntentHandler.swift */,
				07866D1D26340541007E049C /* Info.plist */,
			);
			path = SiriMessage;
			sourceTree = "<group>";
		};
		07866D2526340541007E049C /* SiriMessageUI */ = {
			isa = PBXGroup;
			children = (
				07866D2626340541007E049C /* IntentViewController.swift */,
				07866D2826340541007E049C /* MainInterface.storyboard */,
				07866D2B26340541007E049C /* Info.plist */,
			);
			path = SiriMessageUI;
			sourceTree = "<group>";
		};
		078D413D248DF6E500E78605 /* ViewControllers */ = {
			isa = PBXGroup;
			children = (
				07B3F5F12627E65B0016B5C9 /* ChatRoomCollectionViewLayout.swift */,
				AEC6BF501EAF345A007CA6E5 /* ChatRoomViewController.swift */,
				07B3F5D3262470D70016B5C9 /* ChatRoomViewController+Drop.swift */,
				AEA5A1781EC362150041C7B4 /* ChatRoomViewController+Table.swift */,
				AEA5A1761EC3618C0041C7B4 /* ChatRoomViewController+Layout.swift */,
				0702F7E5247E62B200B22846 /* ContactsTableViewController.swift */,
				0739FA3D25B9557900B6A7AB /* ImageBrowserViewController.swift */,
				07C9632D25E3B53900C2BF4C /* ImageConfirmViewController.swift */,
				07C9632E25E3B53900C2BF4C /* ImageConfirmViewController.xib */,
				AEC6BF401EAF320E007CA6E5 /* JoinChatViewController.swift */,
				070C41732489204F0035314A /* SearchViewController.swift */,
				07E001D9248CA56800D4A287 /* SelectShortcutTVC.swift */,
				07AB7B09248F2A7A005306A1 /* SignUpViewController.swift */,
				07AB7B0A248F2A7A005306A1 /* SignUpViewController.xib */,
				078E66A5265A310F00E5277E /* DrawViewController.swift */,
				075557332666317000F63F55 /* SettingViewController.swift */,
				075557352666529B00F63F55 /* DatePickerViewController.swift */,
			);
			path = ViewControllers;
			sourceTree = "<group>";
		};
		078D413E248DF71700E78605 /* Views */ = {
			isa = PBXGroup;
			children = (
				078E66A02658C0D600E5277E /* PKView.h */,
				078E66A12658C0D600E5277E /* PKView.m */,
				AE909BEA1EB54099009D9D95 /* MessageCollectionViewBaseCell.swift */,
				071CF7B326609F6900897B01 /* MessageCollectionViewTextCell.swift */,
				071CF7B526609F7C00897B01 /* MessageCollectionViewImageCell.swift */,
				071CF7B726609F8900897B01 /* MessageCollectionViewDrawCell.swift */,
				AE909BF01EB63FDB009D9D95 /* MessageInputView.swift */,
				AE909BEE1EB54C4B009D9D95 /* Label.swift */,
				0739FABB25BEEF6B00B6A7AB /* FloatWindow.swift */,
				0749E65E25E521420058EC30 /* EmojiSelectView.swift */,
				0749E66125E601690058EC30 /* EmojiCollectionViewCell.swift */,
				071CF7D0266383BC00897B01 /* ContactTableViewCell.swift */,
			);
			path = Views;
			sourceTree = "<group>";
		};
		078D413F248DF75B00E78605 /* Models */ = {
			isa = PBXGroup;
			children = (
				0739FA4C25BAA90800B6A7AB /* Call */,
				0760E0FC25E74BD30030337E /* Video */,
				071F970D247D45C1000B3DBC /* WatchSession.swift */,
				073FDF6925B2A35000FE01CD /* NotificationManager.swift */,
				079317272643CDA2008EBB27 /* WebSocketManagerAdapter.swift */,
			);
			path = Models;
			sourceTree = "<group>";
		};
		078D4140248DF79600E78605 /* SupportingFiles */ = {
			isa = PBXGroup;
			children = (
				AEC6BF451EAF320E007CA6E5 /* Assets.xcassets */,
				AEC6BF471EAF320E007CA6E5 /* LaunchScreen.storyboard */,
				AEFEAA4F1EAF37BC00889E76 /* Inconsolata-Bold.ttf */,
				AEFEAA501EAF37BC00889E76 /* Inconsolata-Regular.ttf */,
			);
			path = SupportingFiles;
			sourceTree = "<group>";
		};
		07A740A92514E5E90014880E /* Products */ = {
			isa = PBXGroup;
			children = (
				07A740BF2514E6090014880E /* Starscream.framework */,
				07A740C12514E6090014880E /* Starscream Tests.xctest */,
			);
			name = Products;
			sourceTree = "<group>";
		};
		AEA5A17A1EC3641C0041C7B4 /* Extensions */ = {
			isa = PBXGroup;
			children = (
			);
			name = Extensions;
			sourceTree = "<group>";
		};
		AEC6BF321EAF320E007CA6E5 = {
			isa = PBXGroup;
			children = (
				AEC6BF3D1EAF320E007CA6E5 /* DogeChat */,
				078032792486B28C00E370E0 /* DogeChatTests */,
				073FDF5325B2871C00FE01CD /* notification */,
				07866D1A26340541007E049C /* SiriMessage */,
				07866D2526340541007E049C /* SiriMessageUI */,
				AEC6BF3C1EAF320E007CA6E5 /* Products */,
				073144A3245FF83D00D915E8 /* Frameworks */,
				B12E227B93FFC54FE5E82718 /* Pods */,
			);
			sourceTree = "<group>";
		};
		AEC6BF3C1EAF320E007CA6E5 /* Products */ = {
			isa = PBXGroup;
			children = (
				AEC6BF3B1EAF320E007CA6E5 /* DogeChat.app */,
			);
			name = Products;
			sourceTree = "<group>";
		};
		AEC6BF3D1EAF320E007CA6E5 /* DogeChat */ = {
			isa = PBXGroup;
			children = (
				AEC6BF3E1EAF320E007CA6E5 /* AppDelegate.swift */,
				073FDF6525B289A800FE01CD /* DogeChat.entitlements */,
				AEC6BF4A1EAF320E007CA6E5 /* Info.plist */,
				0799068525B3D44B0083C1B8 /* main.storyboard */,
				078D413F248DF75B00E78605 /* Models */,
				078D413E248DF71700E78605 /* Views */,
				078D413D248DF6E500E78605 /* ViewControllers */,
				AEA5A17A1EC3641C0041C7B4 /* Extensions */,
				078D4140248DF79600E78605 /* SupportingFiles */,
				073FDF9F25B2F3BE00FE01CD /* DogeChat-Bridging-Header.h */,
			);
			path = DogeChat;
			sourceTree = "<group>";
		};
		B12E227B93FFC54FE5E82718 /* Pods */ = {
			isa = PBXGroup;
			children = (
				07A740A82514E5E90014880E /* Starscream.xcodeproj */,
				11446107E0EC4769216E7331 /* Pods-DogeChat.debug.xcconfig */,
				0B69595E028EAB1E5EC8EA2E /* Pods-DogeChat.release.xcconfig */,
				A8314936592D9B8008FA8F43 /* Pods-SiriMessage.debug.xcconfig */,
				0BB85710DE7602B06E64DC2B /* Pods-SiriMessage.release.xcconfig */,
				3A00166581D5028C88378B40 /* Pods-DogeChatWatch Extension.debug.xcconfig */,
				0A4AEF28A524D18B5C8ECDC5 /* Pods-DogeChatWatch Extension.release.xcconfig */,
			);
			path = Pods;
			sourceTree = "<group>";
		};
/* End PBXGroup section */

/* Begin PBXNativeTarget section */
		AEC6BF3A1EAF320E007CA6E5 /* DogeChat */ = {
			isa = PBXNativeTarget;
			buildConfigurationList = AEC6BF4D1EAF320E007CA6E5 /* Build configuration list for PBXNativeTarget "DogeChat" */;
			buildPhases = (
				F1C0C8662FD77ABA1F11BFC8 /* [CP] Check Pods Manifest.lock */,
				AEC6BF371EAF320E007CA6E5 /* Sources */,
				AEC6BF381EAF320E007CA6E5 /* Frameworks */,
				AEC6BF391EAF320E007CA6E5 /* Resources */,
				07C6AF9B247D1AF80007222F /* Embed Watch Content */,
				073FDF5E25B2871C00FE01CD /* Embed App Extensions */,
				74365C87DAECE77FD911846A /* [CP] Embed Pods Frameworks */,
			);
			buildRules = (
			);
			dependencies = (
			);
			name = DogeChat;
			productName = DogeChat;
			productReference = AEC6BF3B1EAF320E007CA6E5 /* DogeChat.app */;
			productType = "com.apple.product-type.application";
		};
/* End PBXNativeTarget section */

/* Begin PBXProject section */
		AEC6BF331EAF320E007CA6E5 /* Project object */ = {
			isa = PBXProject;
			attributes = {
				LastSwiftUpdateCheck = 1250;
				LastUpgradeCheck = 1200;
				ORGANIZATIONNAME = "Luke Parham";
				TargetAttributes = {
					AEC6BF3A1EAF320E007CA6E5 = {
						CreatedOnToolsVersion = 8.3.1;
						DevelopmentTeam = HA4ZY58KNJ;
						LastSwiftMigration = 1230;
						ProvisioningStyle = Manual;
					};
				};
			};
			buildConfigurationList = AEC6BF361EAF320E007CA6E5 /* Build configuration list for PBXProject "DogeChat" */;
			compatibilityVersion = "Xcode 3.2";
			developmentRegion = en;
			hasScannedForEncodings = 0;
			knownRegions = (
				en,
				Base,
			);
			mainGroup = AEC6BF321EAF320E007CA6E5;
			productRefGroup = AEC6BF3C1EAF320E007CA6E5 /* Products */;
			projectDirPath = "";
			projectReferences = (
				{
					ProductGroup = 07A740A92514E5E90014880E /* Products */;
					ProjectRef = 07A740A82514E5E90014880E /* Starscream.xcodeproj */;
				},
			);
			projectRoot = "";
			targets = (
				AEC6BF3A1EAF320E007CA6E5 /* DogeChat */,
			);
		};
/* End PBXProject section */

/* Begin PBXReferenceProxy section */
		07A740BF2514E6090014880E /* Starscream.framework */ = {
			isa = PBXReferenceProxy;
			fileType = wrapper.framework;
			path = Starscream.framework;
			remoteRef = 07A740BE2514E6090014880E /* PBXContainerItemProxy */;
			sourceTree = BUILT_PRODUCTS_DIR;
		};
		07A740C12514E6090014880E /* Starscream Tests.xctest */ = {
			isa = PBXReferenceProxy;
			fileType = wrapper.cfbundle;
			path = "Starscream Tests.xctest";
			remoteRef = 07A740C02514E6090014880E /* PBXContainerItemProxy */;
			sourceTree = BUILT_PRODUCTS_DIR;
		};
/* End PBXReferenceProxy section */

/* Begin PBXResourcesBuildPhase section */
		AEC6BF391EAF320E007CA6E5 /* Resources */ = {
			isa = PBXResourcesBuildPhase;
			buildActionMask = 2147483647;
			files = (
				07471A4A265036700042EC2D /* Shader.fsh in Resources */,
				07471A49265036700042EC2D /* Shader.vsh in Resources */,
				07AB7B0C248F2A7A005306A1 /* SignUpViewController.xib in Resources */,
				0799068625B3D44B0083C1B8 /* main.storyboard in Resources */,
				AEC6BF491EAF320E007CA6E5 /* LaunchScreen.storyboard in Resources */,
				07C9633025E3B53900C2BF4C /* ImageConfirmViewController.xib in Resources */,
				AEFEAA521EAF37BC00889E76 /* Inconsolata-Regular.ttf in Resources */,
				AEFEAA511EAF37BC00889E76 /* Inconsolata-Bold.ttf in Resources */,
				AEC6BF461EAF320E007CA6E5 /* Assets.xcassets in Resources */,
			);
			runOnlyForDeploymentPostprocessing = 0;
		};
/* End PBXResourcesBuildPhase section */

/* Begin PBXShellScriptBuildPhase section */
		74365C87DAECE77FD911846A /* [CP] Embed Pods Frameworks */ = {
			isa = PBXShellScriptBuildPhase;
			buildActionMask = 2147483647;
			files = (
			);
			inputPaths = (
				"${PODS_ROOT}/Target Support Files/Pods-DogeChat/Pods-DogeChat-frameworks.sh",
				"${PODS_ROOT}/LookinServer/LookinServer.framework",
			);
			name = "[CP] Embed Pods Frameworks";
			outputPaths = (
				"${TARGET_BUILD_DIR}/${FRAMEWORKS_FOLDER_PATH}/LookinServer.framework",
			);
			runOnlyForDeploymentPostprocessing = 0;
			shellPath = /bin/sh;
			shellScript = "\"${PODS_ROOT}/Target Support Files/Pods-DogeChat/Pods-DogeChat-frameworks.sh\"\n";
			showEnvVarsInLog = 0;
		};
		F1C0C8662FD77ABA1F11BFC8 /* [CP] Check Pods Manifest.lock */ = {
			isa = PBXShellScriptBuildPhase;
			buildActionMask = 2147483647;
			files = (
			);
			inputFileListPaths = (
			);
			inputPaths = (
				"${PODS_PODFILE_DIR_PATH}/Podfile.lock",
				"${PODS_ROOT}/Manifest.lock",
			);
			name = "[CP] Check Pods Manifest.lock";
			outputFileListPaths = (
			);
			outputPaths = (
				"$(DERIVED_FILE_DIR)/Pods-DogeChat-checkManifestLockResult.txt",
			);
			runOnlyForDeploymentPostprocessing = 0;
			shellPath = /bin/sh;
			shellScript = "diff \"${PODS_PODFILE_DIR_PATH}/Podfile.lock\" \"${PODS_ROOT}/Manifest.lock\" > /dev/null\nif [ $? != 0 ] ; then\n    # print error to STDERR\n    echo \"error: The sandbox is not in sync with the Podfile.lock. Run 'pod install' or update your CocoaPods installation.\" >&2\n    exit 1\nfi\n# This output is used by Xcode 'outputs' to avoid re-running this script phase.\necho \"SUCCESS\" > \"${SCRIPT_OUTPUT_FILE_0}\"\n";
			showEnvVarsInLog = 0;
		};
/* End PBXShellScriptBuildPhase section */

/* Begin PBXSourcesBuildPhase section */
		AEC6BF371EAF320E007CA6E5 /* Sources */ = {
			isa = PBXSourcesBuildPhase;
			buildActionMask = 2147483647;
			files = (
				071CF7D2266383BD00897B01 /* ContactTableViewCell.swift in Sources */,
				0739FA5525BAACD400B6A7AB /* ProviderDelegate.swift in Sources */,
				078E66A22658C0D600E5277E /* PKView.m in Sources */,
				AEC6BF411EAF320E007CA6E5 /* JoinChatViewController.swift in Sources */,
				0760E10125E74BD30030337E /* HJOpenGLView.m in Sources */,
				075557322665D4B000F63F55 /* Recorder.m in Sources */,
				07C9632F25E3B53900C2BF4C /* ImageConfirmViewController.swift in Sources */,
				0760E10225E74BD30030337E /* HJH264Encoder.m in Sources */,
				07471A42265008820042EC2D /* MainVideoView.m in Sources */,
				0739FA4F25BAA9A300B6A7AB /* Call.swift in Sources */,
				0702F7E6247E62B200B22846 /* ContactsTableViewController.swift in Sources */,
				AE909BF11EB63FDB009D9D95 /* MessageInputView.swift in Sources */,
				070C41742489204F0035314A /* SearchViewController.swift in Sources */,
				07B3F5D4262470D70016B5C9 /* ChatRoomViewController+Drop.swift in Sources */,
				AE909BEB1EB54099009D9D95 /* MessageCollectionViewBaseCell.swift in Sources */,
				07E001DA248CA56800D4A287 /* SelectShortcutTVC.swift in Sources */,
				071CF7B826609F8900897B01 /* MessageCollectionViewDrawCell.swift in Sources */,
				073FDF6A25B2A35000FE01CD /* NotificationManager.swift in Sources */,
				071F970E247D45C1000B3DBC /* WatchSession.swift in Sources */,
				079317282643CDA2008EBB27 /* WebSocketManagerAdapter.swift in Sources */,
				07471A4526501B200042EC2D /* VideoChatViewController.m in Sources */,
				0739FA3E25B9557A00B6A7AB /* ImageBrowserViewController.swift in Sources */,
				071CF7B426609F6900897B01 /* MessageCollectionViewTextCell.swift in Sources */,
				0749E66225E601690058EC30 /* EmojiCollectionViewCell.swift in Sources */,
				AE909BEF1EB54C4B009D9D95 /* Label.swift in Sources */,
				AEC6BF3F1EAF320E007CA6E5 /* AppDelegate.swift in Sources */,
				AEA5A1771EC3618C0041C7B4 /* ChatRoomViewController+Layout.swift in Sources */,
				07AB7B0B248F2A7A005306A1 /* SignUpViewController.swift in Sources */,
				0739FA5825BAB00300B6A7AB /* Audio.swift in Sources */,
				071CF7B626609F7C00897B01 /* MessageCollectionViewImageCell.swift in Sources */,
				075557362666529B00F63F55 /* DatePickerViewController.swift in Sources */,
				0739FA5225BAAAD300B6A7AB /* CallManager.swift in Sources */,
				AEC6BF511EAF345A007CA6E5 /* ChatRoomViewController.swift in Sources */,
				AEA5A1791EC362150041C7B4 /* ChatRoomViewController+Table.swift in Sources */,
				07B3F5F22627E65B0016B5C9 /* ChatRoomCollectionViewLayout.swift in Sources */,
				0739FABC25BEEF6B00B6A7AB /* FloatWindow.swift in Sources */,
				075557342666317000F63F55 /* SettingViewController.swift in Sources */,
				0760E10625E74C410030337E /* HJH264Decoder.m in Sources */,
				078E66A6265A310F00E5277E /* DrawViewController.swift in Sources */,
				0749E65F25E521420058EC30 /* EmojiSelectView.swift in Sources */,
				07471A3F265002440042EC2D /* OverlayVideoView.m in Sources */,
			);
			runOnlyForDeploymentPostprocessing = 0;
		};
/* End PBXSourcesBuildPhase section */

/* Begin PBXVariantGroup section */
		07866D2826340541007E049C /* MainInterface.storyboard */ = {
			isa = PBXVariantGroup;
			children = (
				07866D2926340541007E049C /* Base */,
			);
			name = MainInterface.storyboard;
			sourceTree = "<group>";
		};
		AEC6BF471EAF320E007CA6E5 /* LaunchScreen.storyboard */ = {
			isa = PBXVariantGroup;
			children = (
				AEC6BF481EAF320E007CA6E5 /* Base */,
			);
			name = LaunchScreen.storyboard;
			sourceTree = "<group>";
		};
/* End PBXVariantGroup section */

/* Begin XCBuildConfiguration section */
		AEC6BF4B1EAF320E007CA6E5 /* Debug */ = {
			isa = XCBuildConfiguration;
			buildSettings = {
				ALWAYS_SEARCH_USER_PATHS = NO;
				CLANG_ANALYZER_LOCALIZABILITY_NONLOCALIZED = YES;
				CLANG_ANALYZER_NONNULL = YES;
				CLANG_ANALYZER_NUMBER_OBJECT_CONVERSION = YES_AGGRESSIVE;
				CLANG_CXX_LANGUAGE_STANDARD = "gnu++0x";
				CLANG_CXX_LIBRARY = "libc++";
				CLANG_ENABLE_MODULES = YES;
				CLANG_ENABLE_OBJC_ARC = YES;
				CLANG_WARN_BLOCK_CAPTURE_AUTORELEASING = YES;
				CLANG_WARN_BOOL_CONVERSION = YES;
				CLANG_WARN_COMMA = YES;
				CLANG_WARN_CONSTANT_CONVERSION = YES;
				CLANG_WARN_DEPRECATED_OBJC_IMPLEMENTATIONS = YES;
				CLANG_WARN_DIRECT_OBJC_ISA_USAGE = YES_ERROR;
				CLANG_WARN_DOCUMENTATION_COMMENTS = YES;
				CLANG_WARN_EMPTY_BODY = YES;
				CLANG_WARN_ENUM_CONVERSION = YES;
				CLANG_WARN_INFINITE_RECURSION = YES;
				CLANG_WARN_INT_CONVERSION = YES;
				CLANG_WARN_NON_LITERAL_NULL_CONVERSION = YES;
				CLANG_WARN_OBJC_IMPLICIT_RETAIN_SELF = YES;
				CLANG_WARN_OBJC_LITERAL_CONVERSION = YES;
				CLANG_WARN_OBJC_ROOT_CLASS = YES_ERROR;
				CLANG_WARN_QUOTED_INCLUDE_IN_FRAMEWORK_HEADER = YES;
				CLANG_WARN_RANGE_LOOP_ANALYSIS = YES;
				CLANG_WARN_STRICT_PROTOTYPES = YES;
				CLANG_WARN_SUSPICIOUS_MOVE = YES;
				CLANG_WARN_UNREACHABLE_CODE = YES;
				CLANG_WARN__DUPLICATE_METHOD_MATCH = YES;
				"CODE_SIGN_IDENTITY[sdk=iphoneos*]" = "iPhone Developer";
				COPY_PHASE_STRIP = NO;
				DEBUG_INFORMATION_FORMAT = dwarf;
				ENABLE_STRICT_OBJC_MSGSEND = YES;
				ENABLE_TESTABILITY = YES;
				GCC_C_LANGUAGE_STANDARD = gnu99;
				GCC_DYNAMIC_NO_PIC = NO;
				GCC_NO_COMMON_BLOCKS = YES;
				GCC_OPTIMIZATION_LEVEL = 0;
				GCC_PREPROCESSOR_DEFINITIONS = (
					"DEBUG=1",
					"$(inherited)",
				);
				GCC_WARN_64_TO_32_BIT_CONVERSION = YES;
				GCC_WARN_ABOUT_RETURN_TYPE = YES_ERROR;
				GCC_WARN_UNDECLARED_SELECTOR = YES;
				GCC_WARN_UNINITIALIZED_AUTOS = YES_AGGRESSIVE;
				GCC_WARN_UNUSED_FUNCTION = YES;
				GCC_WARN_UNUSED_VARIABLE = YES;
				IPHONEOS_DEPLOYMENT_TARGET = 12.0;
				MTL_ENABLE_DEBUG_INFO = YES;
				ONLY_ACTIVE_ARCH = YES;
				SDKROOT = iphoneos;
				SWIFT_ACTIVE_COMPILATION_CONDITIONS = DEBUG;
				SWIFT_OPTIMIZATION_LEVEL = "-O";
			};
			name = Debug;
		};
		AEC6BF4C1EAF320E007CA6E5 /* Release */ = {
			isa = XCBuildConfiguration;
			buildSettings = {
				ALWAYS_SEARCH_USER_PATHS = NO;
				CLANG_ANALYZER_LOCALIZABILITY_NONLOCALIZED = YES;
				CLANG_ANALYZER_NONNULL = YES;
				CLANG_ANALYZER_NUMBER_OBJECT_CONVERSION = YES_AGGRESSIVE;
				CLANG_CXX_LANGUAGE_STANDARD = "gnu++0x";
				CLANG_CXX_LIBRARY = "libc++";
				CLANG_ENABLE_MODULES = YES;
				CLANG_ENABLE_OBJC_ARC = YES;
				CLANG_WARN_BLOCK_CAPTURE_AUTORELEASING = YES;
				CLANG_WARN_BOOL_CONVERSION = YES;
				CLANG_WARN_COMMA = YES;
				CLANG_WARN_CONSTANT_CONVERSION = YES;
				CLANG_WARN_DEPRECATED_OBJC_IMPLEMENTATIONS = YES;
				CLANG_WARN_DIRECT_OBJC_ISA_USAGE = YES_ERROR;
				CLANG_WARN_DOCUMENTATION_COMMENTS = YES;
				CLANG_WARN_EMPTY_BODY = YES;
				CLANG_WARN_ENUM_CONVERSION = YES;
				CLANG_WARN_INFINITE_RECURSION = YES;
				CLANG_WARN_INT_CONVERSION = YES;
				CLANG_WARN_NON_LITERAL_NULL_CONVERSION = YES;
				CLANG_WARN_OBJC_IMPLICIT_RETAIN_SELF = YES;
				CLANG_WARN_OBJC_LITERAL_CONVERSION = YES;
				CLANG_WARN_OBJC_ROOT_CLASS = YES_ERROR;
				CLANG_WARN_QUOTED_INCLUDE_IN_FRAMEWORK_HEADER = YES;
				CLANG_WARN_RANGE_LOOP_ANALYSIS = YES;
				CLANG_WARN_STRICT_PROTOTYPES = YES;
				CLANG_WARN_SUSPICIOUS_MOVE = YES;
				CLANG_WARN_UNREACHABLE_CODE = YES;
				CLANG_WARN__DUPLICATE_METHOD_MATCH = YES;
				"CODE_SIGN_IDENTITY[sdk=iphoneos*]" = "iPhone Developer";
				COPY_PHASE_STRIP = NO;
				DEBUG_INFORMATION_FORMAT = "dwarf-with-dsym";
				ENABLE_NS_ASSERTIONS = NO;
				ENABLE_STRICT_OBJC_MSGSEND = YES;
				GCC_C_LANGUAGE_STANDARD = gnu99;
				GCC_NO_COMMON_BLOCKS = YES;
				GCC_WARN_64_TO_32_BIT_CONVERSION = YES;
				GCC_WARN_ABOUT_RETURN_TYPE = YES_ERROR;
				GCC_WARN_UNDECLARED_SELECTOR = YES;
				GCC_WARN_UNINITIALIZED_AUTOS = YES_AGGRESSIVE;
				GCC_WARN_UNUSED_FUNCTION = YES;
				GCC_WARN_UNUSED_VARIABLE = YES;
				IPHONEOS_DEPLOYMENT_TARGET = 12.0;
				MTL_ENABLE_DEBUG_INFO = NO;
				SDKROOT = iphoneos;
				SWIFT_OPTIMIZATION_LEVEL = "-Owholemodule";
				VALIDATE_PRODUCT = YES;
			};
			name = Release;
		};
		AEC6BF4E1EAF320E007CA6E5 /* Debug */ = {
			isa = XCBuildConfiguration;
			baseConfigurationReference = 11446107E0EC4769216E7331 /* Pods-DogeChat.debug.xcconfig */;
			buildSettings = {
				ALWAYS_EMBED_SWIFT_STANDARD_LIBRARIES = YES;
				ASSETCATALOG_COMPILER_APPICON_NAME = AppIcon;
				CLANG_ENABLE_MODULES = YES;
				CODE_SIGN_ENTITLEMENTS = DogeChat/DogeChat.entitlements;
				CODE_SIGN_IDENTITY = "Apple Development";
				"CODE_SIGN_IDENTITY[sdk=iphoneos*]" = "iPhone Developer";
				CODE_SIGN_STYLE = Manual;
				DEBUG_INFORMATION_FORMAT = "dwarf-with-dsym";
				DEFINES_MODULE = NO;
				DEVELOPMENT_TEAM = HA4ZY58KNJ;
				INFOPLIST_FILE = DogeChat/Info.plist;
				IPHONEOS_DEPLOYMENT_TARGET = 12.1;
				LD_RUNPATH_SEARCH_PATHS = "$(inherited) @executable_path/Frameworks";
				PRODUCT_BUNDLE_IDENTIFIER = com.zhaoxiguang.demo;
				PRODUCT_NAME = "$(TARGET_NAME)";
				PROVISIONING_PROFILE_SPECIFIER = zhaoxiguangdemo;
				SWIFT_COMPILATION_MODE = wholemodule;
				SWIFT_OBJC_BRIDGING_HEADER = "DogeChat/DogeChat-Bridging-Header.h";
				SWIFT_OPTIMIZATION_LEVEL = "-Onone";
				SWIFT_VERSION = 5.0;
				TARGETED_DEVICE_FAMILY = "1,2";
				VALIDATE_WORKSPACE_SKIPPED_SDK_FRAMEWORKS = "";
			};
			name = Debug;
		};
		AEC6BF4F1EAF320E007CA6E5 /* Release */ = {
			isa = XCBuildConfiguration;
			baseConfigurationReference = 0B69595E028EAB1E5EC8EA2E /* Pods-DogeChat.release.xcconfig */;
			buildSettings = {
				ALWAYS_EMBED_SWIFT_STANDARD_LIBRARIES = YES;
				ASSETCATALOG_COMPILER_APPICON_NAME = AppIcon;
				CLANG_ENABLE_MODULES = YES;
				CODE_SIGN_ENTITLEMENTS = DogeChat/DogeChat.entitlements;
				CODE_SIGN_IDENTITY = "Apple Development";
				"CODE_SIGN_IDENTITY[sdk=iphoneos*]" = "iPhone Developer";
				CODE_SIGN_STYLE = Manual;
				DEFINES_MODULE = NO;
				DEVELOPMENT_TEAM = HA4ZY58KNJ;
				INFOPLIST_FILE = DogeChat/Info.plist;
				IPHONEOS_DEPLOYMENT_TARGET = 12.1;
				LD_RUNPATH_SEARCH_PATHS = "$(inherited) @executable_path/Frameworks";
				PRODUCT_BUNDLE_IDENTIFIER = com.zhaoxiguang.demo;
				PRODUCT_NAME = "$(TARGET_NAME)";
				PROVISIONING_PROFILE_SPECIFIER = zhaoxiguangdemo;
				SWIFT_COMPILATION_MODE = wholemodule;
				SWIFT_OBJC_BRIDGING_HEADER = "DogeChat/DogeChat-Bridging-Header.h";
				SWIFT_OPTIMIZATION_LEVEL = "-Onone";
				SWIFT_VERSION = 5.0;
				TARGETED_DEVICE_FAMILY = "1,2";
			};
			name = Release;
		};
/* End XCBuildConfiguration section */

/* Begin XCConfigurationList section */
		AEC6BF361EAF320E007CA6E5 /* Build configuration list for PBXProject "DogeChat" */ = {
			isa = XCConfigurationList;
			buildConfigurations = (
				AEC6BF4B1EAF320E007CA6E5 /* Debug */,
				AEC6BF4C1EAF320E007CA6E5 /* Release */,
			);
			defaultConfigurationIsVisible = 0;
			defaultConfigurationName = Release;
		};
		AEC6BF4D1EAF320E007CA6E5 /* Build configuration list for PBXNativeTarget "DogeChat" */ = {
			isa = XCConfigurationList;
			buildConfigurations = (
				AEC6BF4E1EAF320E007CA6E5 /* Debug */,
				AEC6BF4F1EAF320E007CA6E5 /* Release */,
			);
			defaultConfigurationIsVisible = 0;
			defaultConfigurationName = Release;
		};
/* End XCConfigurationList section */
	};
	rootObject = AEC6BF331EAF320E007CA6E5 /* Project object */;
}
